
Microsoft Visual Studio Solution File, Format Version 12.00
# Visual Studio Version 16
VisualStudioVersion = 16.0.29806.167
MinimumVisualStudioVersion = 10.0.40219.1
Project("{FAE04EC0-301F-11D3-BF4B-00C04F79EFBC}") = "Methodos", "Methodos\Methodos.csproj", "{0C71C0BC-DFFC-4219-9019-1C4B69203804}"
EndProject
Global
	GlobalSection(SolutionConfigurationPlatforms) = preSolution
		Debug|Any CPU = Debug|Any CPU
		Release|Any CPU = Release|Any CPU
	EndGlobalSection
	GlobalSection(ProjectConfigurationPlatforms) = postSolution
		{0C71C0BC-DFFC-4219-9019-1C4B69203804}.Debug|Any CPU.ActiveCfg = Debug|Any CPU
		{0C71C0BC-DFFC-4219-9019-1C4B69203804}.Debug|Any CPU.Build.0 = Debug|Any CPU
		{0C71C0BC-DFFC-4219-9019-1C4B69203804}.Release|Any CPU.ActiveCfg = Release|Any CPU
		{0C71C0BC-DFFC-4219-9019-1C4B69203804}.Release|Any CPU.Build.0 = Release|Any CPU
	EndGlobalSection
	GlobalSection(SolutionProperties) = preSolution
		HideSolutionNode = FALSE
	EndGlobalSection
	GlobalSection(ExtensibilityGlobals) = postSolution
		SolutionGuid = {FB24CD83-F1CB-4828-84E8-B69C2E67FBD0}
	EndGlobalSection
EndGlobal
